
Microsoft Visual Studio Solution File, Format Version 12.00
# Visual Studio Version 16
VisualStudioVersion = 16.0.30204.135
MinimumVisualStudioVersion = 10.0.40219.1
Project("{9A19103F-16F7-4668-BE54-9A1E7A4F7556}") = "Videojet6330App", "Videojet6330App\Videojet6330App.csproj", "{2DDD32C5-CE61-4CA4-BC16-718C576D00BD}"
EndProject
Global
	GlobalSection(SolutionConfigurationPlatforms) = preSolution
		Debug|Any CPU = Debug|Any CPU
		Release|Any CPU = Release|Any CPU
	EndGlobalSection
	GlobalSection(ProjectConfigurationPlatforms) = postSolution
		{2DDD32C5-CE61-4CA4-BC16-718C576D00BD}.Debug|Any CPU.ActiveCfg = Debug|Any CPU
		{2DDD32C5-CE61-4CA4-BC16-718C576D00BD}.Debug|Any CPU.Build.0 = Debug|Any CPU
		{2DDD32C5-CE61-4CA4-BC16-718C576D00BD}.Release|Any CPU.ActiveCfg = Release|Any CPU
		{2DDD32C5-CE61-4CA4-BC16-718C576D00BD}.Release|Any CPU.Build.0 = Release|Any CPU
	EndGlobalSection
	GlobalSection(SolutionProperties) = preSolution
		HideSolutionNode = FALSE
	EndGlobalSection
	GlobalSection(ExtensibilityGlobals) = postSolution
		SolutionGuid = {7042A552-29C4-4257-924F-21D8BB5A158E}
	EndGlobalSection
EndGlobal
